// !$*UTF8*$!
{
	archiveVersion = 1;
	classes = {
	};
	objectVersion = 51;
	objects = {

/* Begin PBXBuildFile section */
		982D3EE095DD3C376D1ADABF /* Pods_Map.framework in Frameworks */ = {isa = PBXBuildFile; fileRef = 08620C80649A3830976ACEDE /* Pods_Map.framework */; };
		AE774C45C607A336234D77E6 /* Pods_MapTests.framework in Frameworks */ = {isa = PBXBuildFile; fileRef = 754F9657A5ECCB98DFB7286C /* Pods_MapTests.framework */; };
		B80AF6B126062AB5003354EF /* MapModel.swift in Sources */ = {isa = PBXBuildFile; fileRef = B80AF6B026062AB5003354EF /* MapModel.swift */; };
		B856474526021C6200F65AE7 /* MapApp.swift in Sources */ = {isa = PBXBuildFile; fileRef = B856474426021C6200F65AE7 /* MapApp.swift */; };
		B856474726021C6200F65AE7 /* ContentView.swift in Sources */ = {isa = PBXBuildFile; fileRef = B856474626021C6200F65AE7 /* ContentView.swift */; };
		B856474926021C6300F65AE7 /* Assets.xcassets in Resources */ = {isa = PBXBuildFile; fileRef = B856474826021C6300F65AE7 /* Assets.xcassets */; };
		B856474C26021C6300F65AE7 /* Preview Assets.xcassets in Resources */ = {isa = PBXBuildFile; fileRef = B856474B26021C6300F65AE7 /* Preview Assets.xcassets */; };
		B856475726021C6300F65AE7 /* MapTests.swift in Sources */ = {isa = PBXBuildFile; fileRef = B856475626021C6300F65AE7 /* MapTests.swift */; };
		B856476226021C6300F65AE7 /* MapUITests.swift in Sources */ = {isa = PBXBuildFile; fileRef = B856476126021C6300F65AE7 /* MapUITests.swift */; };
		B856477326021D8E00F65AE7 /* MapView.swift in Sources */ = {isa = PBXBuildFile; fileRef = B856477226021D8E00F65AE7 /* MapView.swift */; };
		B8D0827F261369F8002F68A8 /* LoadingOverlay.swift in Sources */ = {isa = PBXBuildFile; fileRef = B8D0827E261369F8002F68A8 /* LoadingOverlay.swift */; };
		B8D0828426136A3A002F68A8 /* BlurEffect.swift in Sources */ = {isa = PBXBuildFile; fileRef = B8D0828326136A3A002F68A8 /* BlurEffect.swift */; };
		B8D0828926136A54002F68A8 /* Spinner.swift in Sources */ = {isa = PBXBuildFile; fileRef = B8D0828826136A54002F68A8 /* Spinner.swift */; };
		B8D0829526136DAC002F68A8 /* MapApi.swift in Sources */ = {isa = PBXBuildFile; fileRef = B8D0829426136DAC002F68A8 /* MapApi.swift */; };
		B8D082A326136E78002F68A8 /* ServerConfig.swift in Sources */ = {isa = PBXBuildFile; fileRef = B8D082A226136E78002F68A8 /* ServerConfig.swift */; };
		B8D082A826136F87002F68A8 /* Locale+RegionLanguage.swift in Sources */ = {isa = PBXBuildFile; fileRef = B8D082A726136F87002F68A8 /* Locale+RegionLanguage.swift */; };
		B8F5EA51260CE75B00475E09 /* URLRequest+Additions.swift in Sources */ = {isa = PBXBuildFile; fileRef = B8F5EA50260CE75B00475E09 /* URLRequest+Additions.swift */; };
		B8F5EA56260CE7AB00475E09 /* URL+Parameters.swift in Sources */ = {isa = PBXBuildFile; fileRef = B8F5EA55260CE7AB00475E09 /* URL+Parameters.swift */; };
		B8F5EA5B260CE86300475E09 /* HttpStatusCode.swift in Sources */ = {isa = PBXBuildFile; fileRef = B8F5EA5A260CE86300475E09 /* HttpStatusCode.swift */; };
		B8F5EA64260CE8B000475E09 /* View+Bindings.swift in Sources */ = {isa = PBXBuildFile; fileRef = B8F5EA63260CE8B000475E09 /* View+Bindings.swift */; };
		B8F5EA74260CEBB800475E09 /* PublisherViewModel.swift in Sources */ = {isa = PBXBuildFile; fileRef = B8F5EA73260CEBB800475E09 /* PublisherViewModel.swift */; };
		E11B877C8311DC7F2C2D0DBE /* Pods_Map_MapUITests.framework in Frameworks */ = {isa = PBXBuildFile; fileRef = 3839E3A9028CAF2C5403928C /* Pods_Map_MapUITests.framework */; };
/* End PBXBuildFile section */

/* Begin PBXContainerItemProxy section */
		B856475326021C6300F65AE7 /* PBXContainerItemProxy */ = {
			isa = PBXContainerItemProxy;
			containerPortal = B856473926021C6200F65AE7 /* Project object */;
			proxyType = 1;
			remoteGlobalIDString = B856474026021C6200F65AE7;
			remoteInfo = Map;
		};
		B856475E26021C6300F65AE7 /* PBXContainerItemProxy */ = {
			isa = PBXContainerItemProxy;
			containerPortal = B856473926021C6200F65AE7 /* Project object */;
			proxyType = 1;
			remoteGlobalIDString = B856474026021C6200F65AE7;
			remoteInfo = Map;
		};
/* End PBXContainerItemProxy section */

/* Begin PBXFileReference section */
		08620C80649A3830976ACEDE /* Pods_Map.framework */ = {isa = PBXFileReference; explicitFileType = wrapper.framework; includeInIndex = 0; path = Pods_Map.framework; sourceTree = BUILT_PRODUCTS_DIR; };
		248DAC6E91E2DF79FDA38F06 /* Pods-Map-MapUITests.release.xcconfig */ = {isa = PBXFileReference; includeInIndex = 1; lastKnownFileType = text.xcconfig; name = "Pods-Map-MapUITests.release.xcconfig"; path = "Target Support Files/Pods-Map-MapUITests/Pods-Map-MapUITests.release.xcconfig"; sourceTree = "<group>"; };
		3839E3A9028CAF2C5403928C /* Pods_Map_MapUITests.framework */ = {isa = PBXFileReference; explicitFileType = wrapper.framework; includeInIndex = 0; path = Pods_Map_MapUITests.framework; sourceTree = BUILT_PRODUCTS_DIR; };
		4348729766FBB2048F36B5C6 /* Pods-MapTests.debug.xcconfig */ = {isa = PBXFileReference; includeInIndex = 1; lastKnownFileType = text.xcconfig; name = "Pods-MapTests.debug.xcconfig"; path = "Target Support Files/Pods-MapTests/Pods-MapTests.debug.xcconfig"; sourceTree = "<group>"; };
		5F6E405DBEF40A8977A321B5 /* Pods-Map.release.xcconfig */ = {isa = PBXFileReference; includeInIndex = 1; lastKnownFileType = text.xcconfig; name = "Pods-Map.release.xcconfig"; path = "Target Support Files/Pods-Map/Pods-Map.release.xcconfig"; sourceTree = "<group>"; };
		754F9657A5ECCB98DFB7286C /* Pods_MapTests.framework */ = {isa = PBXFileReference; explicitFileType = wrapper.framework; includeInIndex = 0; path = Pods_MapTests.framework; sourceTree = BUILT_PRODUCTS_DIR; };
		A6C4CAA4B607A7723887ACC6 /* Pods-MapTests.release.xcconfig */ = {isa = PBXFileReference; includeInIndex = 1; lastKnownFileType = text.xcconfig; name = "Pods-MapTests.release.xcconfig"; path = "Target Support Files/Pods-MapTests/Pods-MapTests.release.xcconfig"; sourceTree = "<group>"; };
		B80AF6B026062AB5003354EF /* MapModel.swift */ = {isa = PBXFileReference; lastKnownFileType = sourcecode.swift; path = MapModel.swift; sourceTree = "<group>"; };
		B856474126021C6200F65AE7 /* Map.app */ = {isa = PBXFileReference; explicitFileType = wrapper.application; includeInIndex = 0; path = Map.app; sourceTree = BUILT_PRODUCTS_DIR; };
		B856474426021C6200F65AE7 /* MapApp.swift */ = {isa = PBXFileReference; lastKnownFileType = sourcecode.swift; path = MapApp.swift; sourceTree = "<group>"; };
		B856474626021C6200F65AE7 /* ContentView.swift */ = {isa = PBXFileReference; lastKnownFileType = sourcecode.swift; path = ContentView.swift; sourceTree = "<group>"; };
		B856474826021C6300F65AE7 /* Assets.xcassets */ = {isa = PBXFileReference; lastKnownFileType = folder.assetcatalog; path = Assets.xcassets; sourceTree = "<group>"; };
		B856474B26021C6300F65AE7 /* Preview Assets.xcassets */ = {isa = PBXFileReference; lastKnownFileType = folder.assetcatalog; path = "Preview Assets.xcassets"; sourceTree = "<group>"; };
		B856474D26021C6300F65AE7 /* Info.plist */ = {isa = PBXFileReference; lastKnownFileType = text.plist.xml; path = Info.plist; sourceTree = "<group>"; };
		B856475226021C6300F65AE7 /* MapTests.xctest */ = {isa = PBXFileReference; explicitFileType = wrapper.cfbundle; includeInIndex = 0; path = MapTests.xctest; sourceTree = BUILT_PRODUCTS_DIR; };
		B856475626021C6300F65AE7 /* MapTests.swift */ = {isa = PBXFileReference; lastKnownFileType = sourcecode.swift; path = MapTests.swift; sourceTree = "<group>"; };
		B856475826021C6300F65AE7 /* Info.plist */ = {isa = PBXFileReference; lastKnownFileType = text.plist.xml; path = Info.plist; sourceTree = "<group>"; };
		B856475D26021C6300F65AE7 /* MapUITests.xctest */ = {isa = PBXFileReference; explicitFileType = wrapper.cfbundle; includeInIndex = 0; path = MapUITests.xctest; sourceTree = BUILT_PRODUCTS_DIR; };
		B856476126021C6300F65AE7 /* MapUITests.swift */ = {isa = PBXFileReference; lastKnownFileType = sourcecode.swift; path = MapUITests.swift; sourceTree = "<group>"; };
		B856476326021C6300F65AE7 /* Info.plist */ = {isa = PBXFileReference; lastKnownFileType = text.plist.xml; path = Info.plist; sourceTree = "<group>"; };
		B856477226021D8E00F65AE7 /* MapView.swift */ = {isa = PBXFileReference; lastKnownFileType = sourcecode.swift; path = MapView.swift; sourceTree = "<group>"; };
		B8D0827E261369F8002F68A8 /* LoadingOverlay.swift */ = {isa = PBXFileReference; lastKnownFileType = sourcecode.swift; path = LoadingOverlay.swift; sourceTree = "<group>"; };
		B8D0828326136A3A002F68A8 /* BlurEffect.swift */ = {isa = PBXFileReference; lastKnownFileType = sourcecode.swift; path = BlurEffect.swift; sourceTree = "<group>"; };
		B8D0828826136A54002F68A8 /* Spinner.swift */ = {isa = PBXFileReference; lastKnownFileType = sourcecode.swift; path = Spinner.swift; sourceTree = "<group>"; };
		B8D0829426136DAC002F68A8 /* MapApi.swift */ = {isa = PBXFileReference; lastKnownFileType = sourcecode.swift; path = MapApi.swift; sourceTree = "<group>"; };
		B8D082A226136E78002F68A8 /* ServerConfig.swift */ = {isa = PBXFileReference; lastKnownFileType = sourcecode.swift; path = ServerConfig.swift; sourceTree = "<group>"; };
		B8D082A726136F87002F68A8 /* Locale+RegionLanguage.swift */ = {isa = PBXFileReference; lastKnownFileType = sourcecode.swift; path = "Locale+RegionLanguage.swift"; sourceTree = "<group>"; };
		B8F5EA50260CE75B00475E09 /* URLRequest+Additions.swift */ = {isa = PBXFileReference; lastKnownFileType = sourcecode.swift; path = "URLRequest+Additions.swift"; sourceTree = "<group>"; };
		B8F5EA55260CE7AB00475E09 /* URL+Parameters.swift */ = {isa = PBXFileReference; lastKnownFileType = sourcecode.swift; path = "URL+Parameters.swift"; sourceTree = "<group>"; };
		B8F5EA5A260CE86300475E09 /* HttpStatusCode.swift */ = {isa = PBXFileReference; lastKnownFileType = sourcecode.swift; path = HttpStatusCode.swift; sourceTree = "<group>"; };
		B8F5EA63260CE8B000475E09 /* View+Bindings.swift */ = {isa = PBXFileReference; lastKnownFileType = sourcecode.swift; path = "View+Bindings.swift"; sourceTree = "<group>"; };
		B8F5EA73260CEBB800475E09 /* PublisherViewModel.swift */ = {isa = PBXFileReference; lastKnownFileType = sourcecode.swift; path = PublisherViewModel.swift; sourceTree = "<group>"; };
		CD1C0621CE1F155A18259602 /* Pods-Map-MapUITests.debug.xcconfig */ = {isa = PBXFileReference; includeInIndex = 1; lastKnownFileType = text.xcconfig; name = "Pods-Map-MapUITests.debug.xcconfig"; path = "Target Support Files/Pods-Map-MapUITests/Pods-Map-MapUITests.debug.xcconfig"; sourceTree = "<group>"; };
		D64E41C93C513BD38BF67FBD /* Pods-Map.debug.xcconfig */ = {isa = PBXFileReference; includeInIndex = 1; lastKnownFileType = text.xcconfig; name = "Pods-Map.debug.xcconfig"; path = "Target Support Files/Pods-Map/Pods-Map.debug.xcconfig"; sourceTree = "<group>"; };
/* End PBXFileReference section */

/* Begin PBXFrameworksBuildPhase section */
		B856473E26021C6200F65AE7 /* Frameworks */ = {
			isa = PBXFrameworksBuildPhase;
			buildActionMask = 2147483647;
			files = (
				982D3EE095DD3C376D1ADABF /* Pods_Map.framework in Frameworks */,
			);
			runOnlyForDeploymentPostprocessing = 0;
		};
		B856474F26021C6300F65AE7 /* Frameworks */ = {
			isa = PBXFrameworksBuildPhase;
			buildActionMask = 2147483647;
			files = (
				AE774C45C607A336234D77E6 /* Pods_MapTests.framework in Frameworks */,
			);
			runOnlyForDeploymentPostprocessing = 0;
		};
		B856475A26021C6300F65AE7 /* Frameworks */ = {
			isa = PBXFrameworksBuildPhase;
			buildActionMask = 2147483647;
			files = (
				E11B877C8311DC7F2C2D0DBE /* Pods_Map_MapUITests.framework in Frameworks */,
			);
			runOnlyForDeploymentPostprocessing = 0;
		};
/* End PBXFrameworksBuildPhase section */

/* Begin PBXGroup section */
		B856473826021C6200F65AE7 = {
			isa = PBXGroup;
			children = (
				B856474326021C6200F65AE7 /* Map */,
				B856475526021C6300F65AE7 /* MapTests */,
				B856476026021C6300F65AE7 /* MapUITests */,
				B856474226021C6200F65AE7 /* Products */,
				E0BB3981C5AB6B44EC122210 /* Pods */,
				F137F15F7A7EFE2C4CB5F15B /* Frameworks */,
			);
			sourceTree = "<group>";
		};
		B856474226021C6200F65AE7 /* Products */ = {
			isa = PBXGroup;
			children = (
				B856474126021C6200F65AE7 /* Map.app */,
				B856475226021C6300F65AE7 /* MapTests.xctest */,
				B856475D26021C6300F65AE7 /* MapUITests.xctest */,
			);
			name = Products;
			sourceTree = "<group>";
		};
		B856474326021C6200F65AE7 /* Map */ = {
			isa = PBXGroup;
			children = (
				B856474426021C6200F65AE7 /* MapApp.swift */,
				B856474626021C6200F65AE7 /* ContentView.swift */,
				B856477226021D8E00F65AE7 /* MapView.swift */,
				B8CC8C902610A435004A34F9 /* Model */,
				B8F5EA5F260CE89500475E09 /* Networking */,
				B856474A26021C6300F65AE7 /* Preview Content */,
				B8D0828D26136C0F002F68A8 /* CommonViews */,
				B8CC8C8C2610A3F3004A34F9 /* ViewModel */,
				B856474826021C6300F65AE7 /* Assets.xcassets */,
				B856474D26021C6300F65AE7 /* Info.plist */,
			);
			path = Map;
			sourceTree = "<group>";
		};
		B856474A26021C6300F65AE7 /* Preview Content */ = {
			isa = PBXGroup;
			children = (
				B856474B26021C6300F65AE7 /* Preview Assets.xcassets */,
			);
			path = "Preview Content";
			sourceTree = "<group>";
		};
		B856475526021C6300F65AE7 /* MapTests */ = {
			isa = PBXGroup;
			children = (
				B856475626021C6300F65AE7 /* MapTests.swift */,
				B856475826021C6300F65AE7 /* Info.plist */,
			);
			path = MapTests;
			sourceTree = "<group>";
		};
		B856476026021C6300F65AE7 /* MapUITests */ = {
			isa = PBXGroup;
			children = (
				B856476126021C6300F65AE7 /* MapUITests.swift */,
				B856476326021C6300F65AE7 /* Info.plist */,
			);
			path = MapUITests;
			sourceTree = "<group>";
		};
		B8CC8C8C2610A3F3004A34F9 /* ViewModel */ = {
			isa = PBXGroup;
			children = (
				B8F5EA73260CEBB800475E09 /* PublisherViewModel.swift */,
			);
			path = ViewModel;
			sourceTree = "<group>";
		};
		B8CC8C902610A435004A34F9 /* Model */ = {
			isa = PBXGroup;
			children = (
				B80AF6B026062AB5003354EF /* MapModel.swift */,
			);
			path = Model;
			sourceTree = "<group>";
		};
		B8D0828D26136C0F002F68A8 /* CommonViews */ = {
			isa = PBXGroup;
			children = (
				B8F5EA63260CE8B000475E09 /* View+Bindings.swift */,
				B8D0827E261369F8002F68A8 /* LoadingOverlay.swift */,
				B8D0828326136A3A002F68A8 /* BlurEffect.swift */,
				B8D0828826136A54002F68A8 /* Spinner.swift */,
			);
			path = CommonViews;
			sourceTree = "<group>";
		};
		B8F5EA5F260CE89500475E09 /* Networking */ = {
			isa = PBXGroup;
			children = (
				B8F5EA50260CE75B00475E09 /* URLRequest+Additions.swift */,
				B8F5EA5A260CE86300475E09 /* HttpStatusCode.swift */,
				B8F5EA55260CE7AB00475E09 /* URL+Parameters.swift */,
				B8D0829426136DAC002F68A8 /* MapApi.swift */,
				B8D082A226136E78002F68A8 /* ServerConfig.swift */,
				B8D082A726136F87002F68A8 /* Locale+RegionLanguage.swift */,
			);
			path = Networking;
			sourceTree = "<group>";
		};
		E0BB3981C5AB6B44EC122210 /* Pods */ = {
			isa = PBXGroup;
			children = (
				D64E41C93C513BD38BF67FBD /* Pods-Map.debug.xcconfig */,
				5F6E405DBEF40A8977A321B5 /* Pods-Map.release.xcconfig */,
				CD1C0621CE1F155A18259602 /* Pods-Map-MapUITests.debug.xcconfig */,
				248DAC6E91E2DF79FDA38F06 /* Pods-Map-MapUITests.release.xcconfig */,
				4348729766FBB2048F36B5C6 /* Pods-MapTests.debug.xcconfig */,
				A6C4CAA4B607A7723887ACC6 /* Pods-MapTests.release.xcconfig */,
			);
			path = Pods;
			sourceTree = "<group>";
		};
		F137F15F7A7EFE2C4CB5F15B /* Frameworks */ = {
			isa = PBXGroup;
			children = (
				08620C80649A3830976ACEDE /* Pods_Map.framework */,
				3839E3A9028CAF2C5403928C /* Pods_Map_MapUITests.framework */,
				754F9657A5ECCB98DFB7286C /* Pods_MapTests.framework */,
			);
			name = Frameworks;
			sourceTree = "<group>";
		};
/* End PBXGroup section */

/* Begin PBXNativeTarget section */
		B856474026021C6200F65AE7 /* Map */ = {
			isa = PBXNativeTarget;
			buildConfigurationList = B856476626021C6300F65AE7 /* Build configuration list for PBXNativeTarget "Map" */;
			buildPhases = (
				75331F88C174BB881816EDFE /* [CP] Check Pods Manifest.lock */,
				B856473D26021C6200F65AE7 /* Sources */,
				B856473E26021C6200F65AE7 /* Frameworks */,
				B856473F26021C6200F65AE7 /* Resources */,
				839F915217527D890E464034 /* [CP] Embed Pods Frameworks */,
			);
			buildRules = (
			);
			dependencies = (
			);
			name = Map;
			productName = Map;
			productReference = B856474126021C6200F65AE7 /* Map.app */;
			productType = "com.apple.product-type.application";
		};
		B856475126021C6300F65AE7 /* MapTests */ = {
			isa = PBXNativeTarget;
			buildConfigurationList = B856476926021C6300F65AE7 /* Build configuration list for PBXNativeTarget "MapTests" */;
			buildPhases = (
				EA01E0AC148C8AA6D6B6C25C /* [CP] Check Pods Manifest.lock */,
				B856474E26021C6300F65AE7 /* Sources */,
				B856474F26021C6300F65AE7 /* Frameworks */,
				B856475026021C6300F65AE7 /* Resources */,
			);
			buildRules = (
			);
			dependencies = (
				B856475426021C6300F65AE7 /* PBXTargetDependency */,
			);
			name = MapTests;
			productName = MapTests;
			productReference = B856475226021C6300F65AE7 /* MapTests.xctest */;
			productType = "com.apple.product-type.bundle.unit-test";
		};
		B856475C26021C6300F65AE7 /* MapUITests */ = {
			isa = PBXNativeTarget;
			buildConfigurationList = B856476C26021C6300F65AE7 /* Build configuration list for PBXNativeTarget "MapUITests" */;
			buildPhases = (
				7189F5D11D5E74D5013EDF6A /* [CP] Check Pods Manifest.lock */,
				B856475926021C6300F65AE7 /* Sources */,
				B856475A26021C6300F65AE7 /* Frameworks */,
				B856475B26021C6300F65AE7 /* Resources */,
				885174E80C64FE1A958F85E9 /* [CP] Embed Pods Frameworks */,
			);
			buildRules = (
			);
			dependencies = (
				B856475F26021C6300F65AE7 /* PBXTargetDependency */,
			);
			name = MapUITests;
			productName = MapUITests;
			productReference = B856475D26021C6300F65AE7 /* MapUITests.xctest */;
			productType = "com.apple.product-type.bundle.ui-testing";
		};
/* End PBXNativeTarget section */

/* Begin PBXProject section */
		B856473926021C6200F65AE7 /* Project object */ = {
			isa = PBXProject;
			attributes = {
				LastSwiftUpdateCheck = 1230;
				LastUpgradeCheck = 1230;
				TargetAttributes = {
					B856474026021C6200F65AE7 = {
						CreatedOnToolsVersion = 12.3;
					};
					B856475126021C6300F65AE7 = {
						CreatedOnToolsVersion = 12.3;
						TestTargetID = B856474026021C6200F65AE7;
					};
					B856475C26021C6300F65AE7 = {
						CreatedOnToolsVersion = 12.3;
						TestTargetID = B856474026021C6200F65AE7;
					};
				};
			};
			buildConfigurationList = B856473C26021C6200F65AE7 /* Build configuration list for PBXProject "Map" */;
			compatibilityVersion = "Xcode 9.3";
			developmentRegion = en;
			hasScannedForEncodings = 0;
			knownRegions = (
				en,
				Base,
			);
			mainGroup = B856473826021C6200F65AE7;
			productRefGroup = B856474226021C6200F65AE7 /* Products */;
			projectDirPath = "";
			projectRoot = "";
			targets = (
				B856474026021C6200F65AE7 /* Map */,
				B856475126021C6300F65AE7 /* MapTests */,
				B856475C26021C6300F65AE7 /* MapUITests */,
			);
		};
/* End PBXProject section */

/* Begin PBXResourcesBuildPhase section */
		B856473F26021C6200F65AE7 /* Resources */ = {
			isa = PBXResourcesBuildPhase;
			buildActionMask = 2147483647;
			files = (
				B856474C26021C6300F65AE7 /* Preview Assets.xcassets in Resources */,
				B856474926021C6300F65AE7 /* Assets.xcassets in Resources */,
			);
			runOnlyForDeploymentPostprocessing = 0;
		};
		B856475026021C6300F65AE7 /* Resources */ = {
			isa = PBXResourcesBuildPhase;
			buildActionMask = 2147483647;
			files = (
			);
			runOnlyForDeploymentPostprocessing = 0;
		};
		B856475B26021C6300F65AE7 /* Resources */ = {
			isa = PBXResourcesBuildPhase;
			buildActionMask = 2147483647;
			files = (
			);
			runOnlyForDeploymentPostprocessing = 0;
		};
/* End PBXResourcesBuildPhase section */

/* Begin PBXShellScriptBuildPhase section */
		7189F5D11D5E74D5013EDF6A /* [CP] Check Pods Manifest.lock */ = {
			isa = PBXShellScriptBuildPhase;
			buildActionMask = 2147483647;
			files = (
			);
			inputFileListPaths = (
			);
			inputPaths = (
				"${PODS_PODFILE_DIR_PATH}/Podfile.lock",
				"${PODS_ROOT}/Manifest.lock",
			);
			name = "[CP] Check Pods Manifest.lock";
			outputFileListPaths = (
			);
			outputPaths = (
				"$(DERIVED_FILE_DIR)/Pods-Map-MapUITests-checkManifestLockResult.txt",
			);
			runOnlyForDeploymentPostprocessing = 0;
			shellPath = /bin/sh;
			shellScript = "diff \"${PODS_PODFILE_DIR_PATH}/Podfile.lock\" \"${PODS_ROOT}/Manifest.lock\" > /dev/null\nif [ $? != 0 ] ; then\n    # print error to STDERR\n    echo \"error: The sandbox is not in sync with the Podfile.lock. Run 'pod install' or update your CocoaPods installation.\" >&2\n    exit 1\nfi\n# This output is used by Xcode 'outputs' to avoid re-running this script phase.\necho \"SUCCESS\" > \"${SCRIPT_OUTPUT_FILE_0}\"\n";
			showEnvVarsInLog = 0;
		};
		75331F88C174BB881816EDFE /* [CP] Check Pods Manifest.lock */ = {
			isa = PBXShellScriptBuildPhase;
			buildActionMask = 2147483647;
			files = (
			);
			inputFileListPaths = (
			);
			inputPaths = (
				"${PODS_PODFILE_DIR_PATH}/Podfile.lock",
				"${PODS_ROOT}/Manifest.lock",
			);
			name = "[CP] Check Pods Manifest.lock";
			outputFileListPaths = (
			);
			outputPaths = (
				"$(DERIVED_FILE_DIR)/Pods-Map-checkManifestLockResult.txt",
			);
			runOnlyForDeploymentPostprocessing = 0;
			shellPath = /bin/sh;
			shellScript = "diff \"${PODS_PODFILE_DIR_PATH}/Podfile.lock\" \"${PODS_ROOT}/Manifest.lock\" > /dev/null\nif [ $? != 0 ] ; then\n    # print error to STDERR\n    echo \"error: The sandbox is not in sync with the Podfile.lock. Run 'pod install' or update your CocoaPods installation.\" >&2\n    exit 1\nfi\n# This output is used by Xcode 'outputs' to avoid re-running this script phase.\necho \"SUCCESS\" > \"${SCRIPT_OUTPUT_FILE_0}\"\n";
			showEnvVarsInLog = 0;
		};
		839F915217527D890E464034 /* [CP] Embed Pods Frameworks */ = {
			isa = PBXShellScriptBuildPhase;
			buildActionMask = 2147483647;
			files = (
			);
			inputFileListPaths = (
				"${PODS_ROOT}/Target Support Files/Pods-Map/Pods-Map-frameworks-${CONFIGURATION}-input-files.xcfilelist",
			);
			name = "[CP] Embed Pods Frameworks";
			outputFileListPaths = (
				"${PODS_ROOT}/Target Support Files/Pods-Map/Pods-Map-frameworks-${CONFIGURATION}-output-files.xcfilelist",
			);
			runOnlyForDeploymentPostprocessing = 0;
			shellPath = /bin/sh;
			shellScript = "\"${PODS_ROOT}/Target Support Files/Pods-Map/Pods-Map-frameworks.sh\"\n";
			showEnvVarsInLog = 0;
		};
		885174E80C64FE1A958F85E9 /* [CP] Embed Pods Frameworks */ = {
			isa = PBXShellScriptBuildPhase;
			buildActionMask = 2147483647;
			files = (
			);
			inputFileListPaths = (
				"${PODS_ROOT}/Target Support Files/Pods-Map-MapUITests/Pods-Map-MapUITests-frameworks-${CONFIGURATION}-input-files.xcfilelist",
			);
			name = "[CP] Embed Pods Frameworks";
			outputFileListPaths = (
				"${PODS_ROOT}/Target Support Files/Pods-Map-MapUITests/Pods-Map-MapUITests-frameworks-${CONFIGURATION}-output-files.xcfilelist",
			);
			runOnlyForDeploymentPostprocessing = 0;
			shellPath = /bin/sh;
			shellScript = "\"${PODS_ROOT}/Target Support Files/Pods-Map-MapUITests/Pods-Map-MapUITests-frameworks.sh\"\n";
			showEnvVarsInLog = 0;
		};
		EA01E0AC148C8AA6D6B6C25C /* [CP] Check Pods Manifest.lock */ = {
			isa = PBXShellScriptBuildPhase;
			buildActionMask = 2147483647;
			files = (
			);
			inputFileListPaths = (
			);
			inputPaths = (
				"${PODS_PODFILE_DIR_PATH}/Podfile.lock",
				"${PODS_ROOT}/Manifest.lock",
			);
			name = "[CP] Check Pods Manifest.lock";
			outputFileListPaths = (
			);
			outputPaths = (
				"$(DERIVED_FILE_DIR)/Pods-MapTests-checkManifestLockResult.txt",
			);
			runOnlyForDeploymentPostprocessing = 0;
			shellPath = /bin/sh;
			shellScript = "diff \"${PODS_PODFILE_DIR_PATH}/Podfile.lock\" \"${PODS_ROOT}/Manifest.lock\" > /dev/null\nif [ $? != 0 ] ; then\n    # print error to STDERR\n    echo \"error: The sandbox is not in sync with the Podfile.lock. Run 'pod install' or update your CocoaPods installation.\" >&2\n    exit 1\nfi\n# This output is used by Xcode 'outputs' to avoid re-running this script phase.\necho \"SUCCESS\" > \"${SCRIPT_OUTPUT_FILE_0}\"\n";
			showEnvVarsInLog = 0;
		};
/* End PBXShellScriptBuildPhase section */

/* Begin PBXSourcesBuildPhase section */
		B856473D26021C6200F65AE7 /* Sources */ = {
			isa = PBXSourcesBuildPhase;
			buildActionMask = 2147483647;
			files = (
				B8D082A826136F87002F68A8 /* Locale+RegionLanguage.swift in Sources */,
				B8D082A326136E78002F68A8 /* ServerConfig.swift in Sources */,
				B8F5EA56260CE7AB00475E09 /* URL+Parameters.swift in Sources */,
				B80AF6B126062AB5003354EF /* MapModel.swift in Sources */,
				B856474726021C6200F65AE7 /* ContentView.swift in Sources */,
				B8D0827F261369F8002F68A8 /* LoadingOverlay.swift in Sources */,
				B856477326021D8E00F65AE7 /* MapView.swift in Sources */,
				B8D0828426136A3A002F68A8 /* BlurEffect.swift in Sources */,
				B8D0829526136DAC002F68A8 /* MapApi.swift in Sources */,
				B856474526021C6200F65AE7 /* MapApp.swift in Sources */,
				B8D0828926136A54002F68A8 /* Spinner.swift in Sources */,
				B8F5EA5B260CE86300475E09 /* HttpStatusCode.swift in Sources */,
				B8F5EA51260CE75B00475E09 /* URLRequest+Additions.swift in Sources */,
				B8F5EA64260CE8B000475E09 /* View+Bindings.swift in Sources */,
				B8F5EA74260CEBB800475E09 /* PublisherViewModel.swift in Sources */,
			);
			runOnlyForDeploymentPostprocessing = 0;
		};
		B856474E26021C6300F65AE7 /* Sources */ = {
			isa = PBXSourcesBuildPhase;
			buildActionMask = 2147483647;
			files = (
				B856475726021C6300F65AE7 /* MapTests.swift in Sources */,
			);
			runOnlyForDeploymentPostprocessing = 0;
		};
		B856475926021C6300F65AE7 /* Sources */ = {
			isa = PBXSourcesBuildPhase;
			buildActionMask = 2147483647;
			files = (
				B856476226021C6300F65AE7 /* MapUITests.swift in Sources */,
			);
			runOnlyForDeploymentPostprocessing = 0;
		};
/* End PBXSourcesBuildPhase section */

/* Begin PBXTargetDependency section */
		B856475426021C6300F65AE7 /* PBXTargetDependency */ = {
			isa = PBXTargetDependency;
			target = B856474026021C6200F65AE7 /* Map */;
			targetProxy = B856475326021C6300F65AE7 /* PBXContainerItemProxy */;
		};
		B856475F26021C6300F65AE7 /* PBXTargetDependency */ = {
			isa = PBXTargetDependency;
			target = B856474026021C6200F65AE7 /* Map */;
			targetProxy = B856475E26021C6300F65AE7 /* PBXContainerItemProxy */;
		};
/* End PBXTargetDependency section */

/* Begin XCBuildConfiguration section */
		B856476426021C6300F65AE7 /* Debug */ = {
			isa = XCBuildConfiguration;
			buildSettings = {
				ALWAYS_SEARCH_USER_PATHS = NO;
				CLANG_ANALYZER_NONNULL = YES;
				CLANG_ANALYZER_NUMBER_OBJECT_CONVERSION = YES_AGGRESSIVE;
				CLANG_CXX_LANGUAGE_STANDARD = "gnu++14";
				CLANG_CXX_LIBRARY = "libc++";
				CLANG_ENABLE_MODULES = YES;
				CLANG_ENABLE_OBJC_ARC = YES;
				CLANG_ENABLE_OBJC_WEAK = YES;
				CLANG_WARN_BLOCK_CAPTURE_AUTORELEASING = YES;
				CLANG_WARN_BOOL_CONVERSION = YES;
				CLANG_WARN_COMMA = YES;
				CLANG_WARN_CONSTANT_CONVERSION = YES;
				CLANG_WARN_DEPRECATED_OBJC_IMPLEMENTATIONS = YES;
				CLANG_WARN_DIRECT_OBJC_ISA_USAGE = YES_ERROR;
				CLANG_WARN_DOCUMENTATION_COMMENTS = YES;
				CLANG_WARN_EMPTY_BODY = YES;
				CLANG_WARN_ENUM_CONVERSION = YES;
				CLANG_WARN_INFINITE_RECURSION = YES;
				CLANG_WARN_INT_CONVERSION = YES;
				CLANG_WARN_NON_LITERAL_NULL_CONVERSION = YES;
				CLANG_WARN_OBJC_IMPLICIT_RETAIN_SELF = YES;
				CLANG_WARN_OBJC_LITERAL_CONVERSION = YES;
				CLANG_WARN_OBJC_ROOT_CLASS = YES_ERROR;
				CLANG_WARN_QUOTED_INCLUDE_IN_FRAMEWORK_HEADER = YES;
				CLANG_WARN_RANGE_LOOP_ANALYSIS = YES;
				CLANG_WARN_STRICT_PROTOTYPES = YES;
				CLANG_WARN_SUSPICIOUS_MOVE = YES;
				CLANG_WARN_UNGUARDED_AVAILABILITY = YES_AGGRESSIVE;
				CLANG_WARN_UNREACHABLE_CODE = YES;
				CLANG_WARN__DUPLICATE_METHOD_MATCH = YES;
				COPY_PHASE_STRIP = NO;
				DEBUG_INFORMATION_FORMAT = dwarf;
				ENABLE_STRICT_OBJC_MSGSEND = YES;
				ENABLE_TESTABILITY = YES;
				GCC_C_LANGUAGE_STANDARD = gnu11;
				GCC_DYNAMIC_NO_PIC = NO;
				GCC_NO_COMMON_BLOCKS = YES;
				GCC_OPTIMIZATION_LEVEL = 0;
				GCC_PREPROCESSOR_DEFINITIONS = (
					"DEBUG=1",
					"$(inherited)",
				);
				GCC_WARN_64_TO_32_BIT_CONVERSION = YES;
				GCC_WARN_ABOUT_RETURN_TYPE = YES_ERROR;
				GCC_WARN_UNDECLARED_SELECTOR = YES;
				GCC_WARN_UNINITIALIZED_AUTOS = YES_AGGRESSIVE;
				GCC_WARN_UNUSED_FUNCTION = YES;
				GCC_WARN_UNUSED_VARIABLE = YES;
				IPHONEOS_DEPLOYMENT_TARGET = 14.3;
				MTL_ENABLE_DEBUG_INFO = INCLUDE_SOURCE;
				MTL_FAST_MATH = YES;
				ONLY_ACTIVE_ARCH = YES;
				SDKROOT = iphoneos;
				SWIFT_ACTIVE_COMPILATION_CONDITIONS = DEBUG;
				SWIFT_OPTIMIZATION_LEVEL = "-Onone";
			};
			name = Debug;
		};
		B856476526021C6300F65AE7 /* Release */ = {
			isa = XCBuildConfiguration;
			buildSettings = {
				ALWAYS_SEARCH_USER_PATHS = NO;
				CLANG_ANALYZER_NONNULL = YES;
				CLANG_ANALYZER_NUMBER_OBJECT_CONVERSION = YES_AGGRESSIVE;
				CLANG_CXX_LANGUAGE_STANDARD = "gnu++14";
				CLANG_CXX_LIBRARY = "libc++";
				CLANG_ENABLE_MODULES = YES;
				CLANG_ENABLE_OBJC_ARC = YES;
				CLANG_ENABLE_OBJC_WEAK = YES;
				CLANG_WARN_BLOCK_CAPTURE_AUTORELEASING = YES;
				CLANG_WARN_BOOL_CONVERSION = YES;
				CLANG_WARN_COMMA = YES;
				CLANG_WARN_CONSTANT_CONVERSION = YES;
				CLANG_WARN_DEPRECATED_OBJC_IMPLEMENTATIONS = YES;
				CLANG_WARN_DIRECT_OBJC_ISA_USAGE = YES_ERROR;
				CLANG_WARN_DOCUMENTATION_COMMENTS = YES;
				CLANG_WARN_EMPTY_BODY = YES;
				CLANG_WARN_ENUM_CONVERSION = YES;
				CLANG_WARN_INFINITE_RECURSION = YES;
				CLANG_WARN_INT_CONVERSION = YES;
				CLANG_WARN_NON_LITERAL_NULL_CONVERSION = YES;
				CLANG_WARN_OBJC_IMPLICIT_RETAIN_SELF = YES;
				CLANG_WARN_OBJC_LITERAL_CONVERSION = YES;
				CLANG_WARN_OBJC_ROOT_CLASS = YES_ERROR;
				CLANG_WARN_QUOTED_INCLUDE_IN_FRAMEWORK_HEADER = YES;
				CLANG_WARN_RANGE_LOOP_ANALYSIS = YES;
				CLANG_WARN_STRICT_PROTOTYPES = YES;
				CLANG_WARN_SUSPICIOUS_MOVE = YES;
				CLANG_WARN_UNGUARDED_AVAILABILITY = YES_AGGRESSIVE;
				CLANG_WARN_UNREACHABLE_CODE = YES;
				CLANG_WARN__DUPLICATE_METHOD_MATCH = YES;
				COPY_PHASE_STRIP = NO;
				DEBUG_INFORMATION_FORMAT = "dwarf-with-dsym";
				ENABLE_NS_ASSERTIONS = NO;
				ENABLE_STRICT_OBJC_MSGSEND = YES;
				GCC_C_LANGUAGE_STANDARD = gnu11;
				GCC_NO_COMMON_BLOCKS = YES;
				GCC_WARN_64_TO_32_BIT_CONVERSION = YES;
				GCC_WARN_ABOUT_RETURN_TYPE = YES_ERROR;
				GCC_WARN_UNDECLARED_SELECTOR = YES;
				GCC_WARN_UNINITIALIZED_AUTOS = YES_AGGRESSIVE;
				GCC_WARN_UNUSED_FUNCTION = YES;
				GCC_WARN_UNUSED_VARIABLE = YES;
				IPHONEOS_DEPLOYMENT_TARGET = 14.3;
				MTL_ENABLE_DEBUG_INFO = NO;
				MTL_FAST_MATH = YES;
				SDKROOT = iphoneos;
				SWIFT_COMPILATION_MODE = wholemodule;
				SWIFT_OPTIMIZATION_LEVEL = "-O";
				VALIDATE_PRODUCT = YES;
			};
			name = Release;
		};
		B856476726021C6300F65AE7 /* Debug */ = {
			isa = XCBuildConfiguration;
			baseConfigurationReference = D64E41C93C513BD38BF67FBD /* Pods-Map.debug.xcconfig */;
			buildSettings = {
				ASSETCATALOG_COMPILER_APPICON_NAME = AppIcon;
				ASSETCATALOG_COMPILER_GLOBAL_ACCENT_COLOR_NAME = AccentColor;
				CODE_SIGN_STYLE = Automatic;
				DEVELOPMENT_ASSET_PATHS = "\"Map/Preview Content\"";
				DEVELOPMENT_TEAM = XDQ47774VF;
				ENABLE_PREVIEWS = YES;
				INFOPLIST_FILE = Map/Info.plist;
				IPHONEOS_DEPLOYMENT_TARGET = 14.0;
				LD_RUNPATH_SEARCH_PATHS = (
					"$(inherited)",
					"@executable_path/Frameworks",
				);
				PRODUCT_BUNDLE_IDENTIFIER = com.map.Map;
				PRODUCT_NAME = "$(TARGET_NAME)";
				SWIFT_VERSION = 5.0;
				TARGETED_DEVICE_FAMILY = "1,2";
			};
			name = Debug;
		};
		B856476826021C6300F65AE7 /* Release */ = {
			isa = XCBuildConfiguration;
			baseConfigurationReference = 5F6E405DBEF40A8977A321B5 /* Pods-Map.release.xcconfig */;
			buildSettings = {
				ASSETCATALOG_COMPILER_APPICON_NAME = AppIcon;
				ASSETCATALOG_COMPILER_GLOBAL_ACCENT_COLOR_NAME = AccentColor;
				CODE_SIGN_STYLE = Automatic;
				DEVELOPMENT_ASSET_PATHS = "\"Map/Preview Content\"";
				DEVELOPMENT_TEAM = XDQ47774VF;
				ENABLE_PREVIEWS = YES;
				INFOPLIST_FILE = Map/Info.plist;
				IPHONEOS_DEPLOYMENT_TARGET = 14.0;
				LD_RUNPATH_SEARCH_PATHS = (
					"$(inherited)",
					"@executable_path/Frameworks",
				);
				PRODUCT_BUNDLE_IDENTIFIER = com.map.Map;
				PRODUCT_NAME = "$(TARGET_NAME)";
				SWIFT_VERSION = 5.0;
				TARGETED_DEVICE_FAMILY = "1,2";
			};
			name = Release;
		};
		B856476A26021C6300F65AE7 /* Debug */ = {
			isa = XCBuildConfiguration;
			baseConfigurationReference = 4348729766FBB2048F36B5C6 /* Pods-MapTests.debug.xcconfig */;
			buildSettings = {
				ALWAYS_EMBED_SWIFT_STANDARD_LIBRARIES = YES;
				BUNDLE_LOADER = "$(TEST_HOST)";
				CODE_SIGN_STYLE = Automatic;
				DEVELOPMENT_TEAM = XDQ47774VF;
				INFOPLIST_FILE = MapTests/Info.plist;
				IPHONEOS_DEPLOYMENT_TARGET = 14.0;
				LD_RUNPATH_SEARCH_PATHS = (
					"$(inherited)",
					"@executable_path/Frameworks",
					"@loader_path/Frameworks",
				);
				PRODUCT_BUNDLE_IDENTIFIER = com.map.MapTests;
				PRODUCT_NAME = "$(TARGET_NAME)";
				SWIFT_VERSION = 5.0;
				TARGETED_DEVICE_FAMILY = "1,2";
				TEST_HOST = "$(BUILT_PRODUCTS_DIR)/Map.app/Map";
			};
			name = Debug;
		};
		B856476B26021C6300F65AE7 /* Release */ = {
			isa = XCBuildConfiguration;
			baseConfigurationReference = A6C4CAA4B607A7723887ACC6 /* Pods-MapTests.release.xcconfig */;
			buildSettings = {
				ALWAYS_EMBED_SWIFT_STANDARD_LIBRARIES = YES;
				BUNDLE_LOADER = "$(TEST_HOST)";
				CODE_SIGN_STYLE = Automatic;
				DEVELOPMENT_TEAM = XDQ47774VF;
				INFOPLIST_FILE = MapTests/Info.plist;
				IPHONEOS_DEPLOYMENT_TARGET = 14.0;
				LD_RUNPATH_SEARCH_PATHS = (
					"$(inherited)",
					"@executable_path/Frameworks",
					"@loader_path/Frameworks",
				);
				PRODUCT_BUNDLE_IDENTIFIER = com.map.MapTests;
				PRODUCT_NAME = "$(TARGET_NAME)";
				SWIFT_VERSION = 5.0;
				TARGETED_DEVICE_FAMILY = "1,2";
				TEST_HOST = "$(BUILT_PRODUCTS_DIR)/Map.app/Map";
			};
			name = Release;
		};
		B856476D26021C6300F65AE7 /* Debug */ = {
			isa = XCBuildConfiguration;
			baseConfigurationReference = CD1C0621CE1F155A18259602 /* Pods-Map-MapUITests.debug.xcconfig */;
			buildSettings = {
				ALWAYS_EMBED_SWIFT_STANDARD_LIBRARIES = YES;
				CODE_SIGN_STYLE = Automatic;
				DEVELOPMENT_TEAM = XDQ47774VF;
				INFOPLIST_FILE = MapUITests/Info.plist;
				LD_RUNPATH_SEARCH_PATHS = (
					"$(inherited)",
					"@executable_path/Frameworks",
					"@loader_path/Frameworks",
				);
				PRODUCT_BUNDLE_IDENTIFIER = com.map.MapUITests;
				PRODUCT_NAME = "$(TARGET_NAME)";
				SWIFT_VERSION = 5.0;
				TARGETED_DEVICE_FAMILY = "1,2";
				TEST_TARGET_NAME = Map;
			};
			name = Debug;
		};
		B856476E26021C6300F65AE7 /* Release */ = {
			isa = XCBuildConfiguration;
			baseConfigurationReference = 248DAC6E91E2DF79FDA38F06 /* Pods-Map-MapUITests.release.xcconfig */;
			buildSettings = {
				ALWAYS_EMBED_SWIFT_STANDARD_LIBRARIES = YES;
				CODE_SIGN_STYLE = Automatic;
				DEVELOPMENT_TEAM = XDQ47774VF;
				INFOPLIST_FILE = MapUITests/Info.plist;
				LD_RUNPATH_SEARCH_PATHS = (
					"$(inherited)",
					"@executable_path/Frameworks",
					"@loader_path/Frameworks",
				);
				PRODUCT_BUNDLE_IDENTIFIER = com.map.MapUITests;
				PRODUCT_NAME = "$(TARGET_NAME)";
				SWIFT_VERSION = 5.0;
				TARGETED_DEVICE_FAMILY = "1,2";
				TEST_TARGET_NAME = Map;
			};
			name = Release;
		};
/* End XCBuildConfiguration section */

/* Begin XCConfigurationList section */
		B856473C26021C6200F65AE7 /* Build configuration list for PBXProject "Map" */ = {
			isa = XCConfigurationList;
			buildConfigurations = (
				B856476426021C6300F65AE7 /* Debug */,
				B856476526021C6300F65AE7 /* Release */,
			);
			defaultConfigurationIsVisible = 0;
			defaultConfigurationName = Release;
		};
		B856476626021C6300F65AE7 /* Build configuration list for PBXNativeTarget "Map" */ = {
			isa = XCConfigurationList;
			buildConfigurations = (
				B856476726021C6300F65AE7 /* Debug */,
				B856476826021C6300F65AE7 /* Release */,
			);
			defaultConfigurationIsVisible = 0;
			defaultConfigurationName = Release;
		};
		B856476926021C6300F65AE7 /* Build configuration list for PBXNativeTarget "MapTests" */ = {
			isa = XCConfigurationList;
			buildConfigurations = (
				B856476A26021C6300F65AE7 /* Debug */,
				B856476B26021C6300F65AE7 /* Release */,
			);
			defaultConfigurationIsVisible = 0;
			defaultConfigurationName = Release;
		};
		B856476C26021C6300F65AE7 /* Build configuration list for PBXNativeTarget "MapUITests" */ = {
			isa = XCConfigurationList;
			buildConfigurations = (
				B856476D26021C6300F65AE7 /* Debug */,
				B856476E26021C6300F65AE7 /* Release */,
			);
			defaultConfigurationIsVisible = 0;
			defaultConfigurationName = Release;
		};
/* End XCConfigurationList section */
	};
	rootObject = B856473926021C6200F65AE7 /* Project object */;
}
